<?xml version="1.0" encoding="utf-8"?>
<Project ToolsVersion="4.0" xmlns="http://schemas.microsoft.com/developer/msbuild/2003">
  <ItemGroup>
    <Filter Include="Source Files">
      <UniqueIdentifier>{4FC737F1-C7A5-4376-A066-2A32D752A2FF}</UniqueIdentifier>
      <Extensions>cpp;c;cc;cxx;def;odl;idl;hpj;bat;asm;asmx</Extensions>
    </Filter>
    <Filter Include="Header Files">
      <UniqueIdentifier>{93995380-89BD-4b04-88EB-625FBE52EBFB}</UniqueIdentifier>
      <Extensions>h;hh;hpp;hxx;hm;inl;inc;xsd</Extensions>
    </Filter>
    <Filter Include="Resource Files">
      <UniqueIdentifier>{67DA6AB6-F800-4c08-8B7A-83BB121AAD01}</UniqueIdentifier>
      <Extensions>rc;ico;cur;bmp;dlg;rc2;rct;bin;rgs;gif;jpg;jpeg;jpe;resx;tiff;tif;png;wav;mfcribbon-ms</Extensions>
    </Filter>
    <Filter Include="Header Files\model">
      <UniqueIdentifier>{215ad015-80b1-4ad3-932d-ea307f7c50df}</UniqueIdentifier>
    </Filter>
    <Filter Include="Header Files\detail">
      <UniqueIdentifier>{96b946ec-1636-43b6-aaed-356b67b35bbf}</UniqueIdentifier>
    </Filter>
    <Filter Include="Source Files\model">
      <UniqueIdentifier>{2622d613-4e8c-49d5-be71-72bbc6d619fd}</UniqueIdentifier>
    </Filter>
    <Filter Include="Source Files\detail">
      <UniqueIdentifier>{0927a132-52d6-4c1e-8f54-56d406426ffe}</UniqueIdentifier>
    </Filter>
    <Filter Include="Header Files\resource">
      <UniqueIdentifier>{8af8b79b-cf7f-4eaa-bfcf-dc6762e14b36}</UniqueIdentifier>
    </Filter>
    <Filter Include="Source Files\resource">
      <UniqueIdentifier>{5b181cbb-00de-4558-8ec5-9b071f2b7d86}</UniqueIdentifier>
    </Filter>
  </ItemGroup>
  <ItemGroup>
    <ClInclude Include="stdafx.h">
      <Filter>Header Files</Filter>
    </ClInclude>
    <ClInclude Include="targetver.h">
      <Filter>Header Files</Filter>
    </ClInclude>
    <ClInclude Include="Mesh.h">
      <Filter>Header Files</Filter>
    </ClInclude>
    <ClInclude Include="Shader.h">
      <Filter>Header Files</Filter>
    </ClInclude>
    <ClInclude Include="WindowHandler.h">
      <Filter>Header Files</Filter>
    </ClInclude>
    <ClInclude Include="ApplicationBase.h">
      <Filter>Header Files</Filter>
    </ClInclude>
    <ClInclude Include="Camera.h">
      <Filter>Header Files</Filter>
    </ClInclude>
    <ClInclude Include="CameraBase.h">
      <Filter>Header Files</Filter>
    </ClInclude>
    <ClInclude Include="OpenGLUtil.hpp">
      <Filter>Header Files</Filter>
    </ClInclude>
    <ClInclude Include="Model.h">
      <Filter>Header Files\model</Filter>
    </ClInclude>
    <ClInclude Include="ModelArray.h">
      <Filter>Header Files\model</Filter>
    </ClInclude>
    <ClInclude Include="ModelArrayBase.h">
      <Filter>Header Files\model</Filter>
    </ClInclude>
    <ClInclude Include="Resource.h">
      <Filter>Header Files\resource</Filter>
    </ClInclude>
    <ClInclude Include="Texture.h">
      <Filter>Header Files\resource</Filter>
    </ClInclude>
    <ClInclude Include="detail\standard_tuple.h">
      <Filter>Header Files\detail</Filter>
    </ClInclude>
  </ItemGroup>
  <ItemGroup>
    <ClCompile Include="stdafx.cpp">
      <Filter>Source Files</Filter>
    </ClCompile>
    <ClCompile Include="main.cpp">
      <Filter>Source Files</Filter>
    </ClCompile>
    <ClCompile Include="WindowHandler.cpp">
      <Filter>Source Files</Filter>
    </ClCompile>
    <ClCompile Include="ApplicationBase.cpp">
      <Filter>Source Files</Filter>
    </ClCompile>
    <ClCompile Include="Camera.cpp">
      <Filter>Source Files</Filter>
    </ClCompile>
    <ClCompile Include="CameraBase.cpp">
      <Filter>Source Files</Filter>
    </ClCompile>
    <ClCompile Include="Mesh.cpp">
      <Filter>Source Files</Filter>
    </ClCompile>
    <ClCompile Include="Shader.cpp">
      <Filter>Source Files</Filter>
    </ClCompile>
    <ClCompile Include="Model.cpp">
      <Filter>Source Files\model</Filter>
    </ClCompile>
    <ClCompile Include="ModelArray.cpp">
      <Filter>Source Files\model</Filter>
    </ClCompile>
    <ClCompile Include="ModelArrayBase.cpp">
      <Filter>Source Files\model</Filter>
    </ClCompile>
    <ClCompile Include="Resource.cpp">
      <Filter>Source Files\resource</Filter>
    </ClCompile>
    <ClCompile Include="Texture.cpp">
      <Filter>Source Files\resource</Filter>
    </ClCompile>
    <ClCompile Include="detail\standard_tuple.cpp">
      <Filter>Source Files\detail</Filter>
    </ClCompile>
  </ItemGroup>
  <ItemGroup>
    <Text Include="ReadMe.txt">
      <Filter>Source Files</Filter>
    </Text>
  </ItemGroup>
</Project>